
Microsoft Visual Studio Solution File, Format Version 12.00
# Visual Studio 14
VisualStudioVersion = 14.0.23107.0
MinimumVisualStudioVersion = 10.0.40219.1
Project("{FAE04EC0-301F-11D3-BF4B-00C04F79EFBC}") = "PositionCalculator", "PositionCalculator\PositionCalculator.csproj", "{72B99112-E59F-460C-8F7D-676808780FAC}"
EndProject
Project("{FAE04EC0-301F-11D3-BF4B-00C04F79EFBC}") = "PositionCalculator.Tests", "PositionCalculator.Tests\PositionCalculator.Tests.csproj", "{08BB3508-27E6-4074-9FE6-4A86EC99B308}"
EndProject
Global
	GlobalSection(SolutionConfigurationPlatforms) = preSolution
		Debug|Any CPU = Debug|Any CPU
		Release|Any CPU = Release|Any CPU
	EndGlobalSection
	GlobalSection(ProjectConfigurationPlatforms) = postSolution
		{72B99112-E59F-460C-8F7D-676808780FAC}.Debug|Any CPU.ActiveCfg = Debug|Any CPU
		{72B99112-E59F-460C-8F7D-676808780FAC}.Debug|Any CPU.Build.0 = Debug|Any CPU
		{72B99112-E59F-460C-8F7D-676808780FAC}.Release|Any CPU.ActiveCfg = Release|Any CPU
		{72B99112-E59F-460C-8F7D-676808780FAC}.Release|Any CPU.Build.0 = Release|Any CPU
		{08BB3508-27E6-4074-9FE6-4A86EC99B308}.Debug|Any CPU.ActiveCfg = Debug|Any CPU
		{08BB3508-27E6-4074-9FE6-4A86EC99B308}.Debug|Any CPU.Build.0 = Debug|Any CPU
		{08BB3508-27E6-4074-9FE6-4A86EC99B308}.Release|Any CPU.ActiveCfg = Release|Any CPU
		{08BB3508-27E6-4074-9FE6-4A86EC99B308}.Release|Any CPU.Build.0 = Release|Any CPU
	EndGlobalSection
	GlobalSection(SolutionProperties) = preSolution
		HideSolutionNode = FALSE
	EndGlobalSection
EndGlobal
